
Microsoft Visual Studio Solution File, Format Version 11.00
# Visual C++ Express 2010
Project("{8BC9CEB8-8B4A-11D0-8D11-00A0C91BC942}") = "windows", "windows.vcxproj", "{0FA743C6-9979-4620-90E3-BE10F966D6C6}"
EndProject
Global
	GlobalSection(SolutionConfigurationPlatforms) = preSolution
		Debug|Win32 = Debug|Win32
		Release|Win32 = Release|Win32
	EndGlobalSection
	GlobalSection(ProjectConfigurationPlatforms) = postSolution
		{0FA743C6-9979-4620-90E3-BE10F966D6C6}.Debug|Win32.ActiveCfg = Debug|Win32
		{0FA743C6-9979-4620-90E3-BE10F966D6C6}.Debug|Win32.Build.0 = Debug|Win32
		{0FA743C6-9979-4620-90E3-BE10F966D6C6}.Release|Win32.ActiveCfg = Release|Win32
		{0FA743C6-9979-4620-90E3-BE10F966D6C6}.Release|Win32.Build.0 = Release|Win32
	EndGlobalSection
	GlobalSection(SolutionProperties) = preSolution
		HideSolutionNode = FALSE
	EndGlobalSection
EndGlobal
